
Microsoft Visual Studio Solution File, Format Version 11.00
# Visual Studio 2010
Project("{8BC9CEB8-8B4A-11D0-8D11-00A0C91BC942}") = "OcsXSLTransformer", "OcsXSLTransformer\OcsXSLTransformer.vcxproj", "{DEBEA043-3E3E-4569-8ECA-62FACA24481D}"
EndProject
Global
	GlobalSection(SolutionConfigurationPlatforms) = preSolution
		Debug|Win32 = Debug|Win32
		Release|Win32 = Release|Win32
	EndGlobalSection
	GlobalSection(ProjectConfigurationPlatforms) = postSolution
		{DEBEA043-3E3E-4569-8ECA-62FACA24481D}.Debug|Win32.ActiveCfg = Debug|Win32
		{DEBEA043-3E3E-4569-8ECA-62FACA24481D}.Debug|Win32.Build.0 = Debug|Win32
		{DEBEA043-3E3E-4569-8ECA-62FACA24481D}.Release|Win32.ActiveCfg = Release|Win32
		{DEBEA043-3E3E-4569-8ECA-62FACA24481D}.Release|Win32.Build.0 = Release|Win32
	EndGlobalSection
	GlobalSection(SolutionProperties) = preSolution
		HideSolutionNode = FALSE
	EndGlobalSection
EndGlobal
